
Microsoft Visual Studio Solution File, Format Version 12.00
# Visual Studio Version 16
VisualStudioVersion = 16.0.29926.136
MinimumVisualStudioVersion = 10.0.40219.1
Project("{FAE04EC0-301F-11D3-BF4B-00C04F79EFBC}") = "CafeWebApp.Web", "CafeWebApp.Web\CafeWebApp.Web.csproj", "{90F80992-FD20-4789-9C5C-9C69B521D747}"
EndProject
Global
	GlobalSection(SolutionConfigurationPlatforms) = preSolution
		Debug|Any CPU = Debug|Any CPU
		Release|Any CPU = Release|Any CPU
	EndGlobalSection
	GlobalSection(ProjectConfigurationPlatforms) = postSolution
		{90F80992-FD20-4789-9C5C-9C69B521D747}.Debug|Any CPU.ActiveCfg = Debug|Any CPU
		{90F80992-FD20-4789-9C5C-9C69B521D747}.Debug|Any CPU.Build.0 = Debug|Any CPU
		{90F80992-FD20-4789-9C5C-9C69B521D747}.Release|Any CPU.ActiveCfg = Release|Any CPU
		{90F80992-FD20-4789-9C5C-9C69B521D747}.Release|Any CPU.Build.0 = Release|Any CPU
	EndGlobalSection
	GlobalSection(SolutionProperties) = preSolution
		HideSolutionNode = FALSE
	EndGlobalSection
	GlobalSection(ExtensibilityGlobals) = postSolution
		SolutionGuid = {4340D552-81CF-43C8-8991-D2658CFFB289}
	EndGlobalSection
EndGlobal
